<Solution Description="Visual Studio slnx file generated by Premake" Version="1.4">
  <Configurations>
    <BuildType Name="Debug" />
    <BuildType Name="Release" />
    <Platform Name="x64" />
  </Configurations>
  <Project Path="Application\Application.vcxproj" Id="D9DE78AF-4594-F1A4-CE88-EB7B3A3DE8A8">
  </Project>
  <Project Path="MFL\MFL\MFL.vcxproj" Id="C403880B-300D-887C-B988-9E7C2591937C">
  </Project>
  <Project Path="MML\MML\MML.vcxproj" Id="AB04880B-170E-887C-A089-9E7C0C92937C">
  </Project>
  <Project Path="MOGL\MOGL\MOGL.vcxproj" Id="34A2887C-20D9-890D-C9C5-6F10B5DB050F">
  </Project>
  <Project Path="Monk\Monk.vcxproj" Id="7A2F897C-6666-8A0D-0F53-7010FB68060F">
  </Project>
  <Project Path="MUI\MUI\MUI.vcxproj" Id="B005880B-1C0F-887C-A58A-9E7C1193937C">
  </Project>
  <Project Path="MWL\MWL\MWL.vcxproj" Id="F505880B-610F-887C-EA8A-9E7C5693937C">
  </Project>
  <Project Path="Scriptorium\Scriptorium\Scriptorium.vcxproj" Id="263D2343-92F2-9B38-1BE7-950F879B923C">
  </Project>
  <Project Path="WangMauna\WangMauna\WangMauna.vcxproj" Id="C49ECA16-3009-7F8D-7947-3033E5F05CE2">
  </Project>
</Solution>